Microsoft Visual Studio Solution File, Format Version 12.00
# Visual Studio Version 17
VisualStudioVersion = 17.5.2.0
MinimumVisualStudioVersion = 10.0.40219.1
Project("{FAE04EC0-301F-11D3-BF4B-00C04F79EFBC}") = "ConsoleAppNullConditionalAssignment", "ConsoleAppNullConditionalAssignment.csproj", "{368884B6-A0C0-492D-66AE-B98B0BF93E4A}"
EndProject
Global
	GlobalSection(SolutionConfigurationPlatforms) = preSolution
		Debug|Any CPU = Debug|Any CPU
		Release|Any CPU = Release|Any CPU
	EndGlobalSection
	GlobalSection(ProjectConfigurationPlatforms) = postSolution
		{368884B6-A0C0-492D-66AE-B98B0BF93E4A}.Debug|Any CPU.ActiveCfg = Debug|Any CPU
		{368884B6-A0C0-492D-66AE-B98B0BF93E4A}.Debug|Any CPU.Build.0 = Debug|Any CPU
		{368884B6-A0C0-492D-66AE-B98B0BF93E4A}.Release|Any CPU.ActiveCfg = Release|Any CPU
		{368884B6-A0C0-492D-66AE-B98B0BF93E4A}.Release|Any CPU.Build.0 = Release|Any CPU
	EndGlobalSection
	GlobalSection(SolutionProperties) = preSolution
		HideSolutionNode = FALSE
	EndGlobalSection
	GlobalSection(ExtensibilityGlobals) = postSolution
		SolutionGuid = {2C5C95BC-6158-4B2D-9CED-496015429F77}
	EndGlobalSection
EndGlobal
